{
  "lockfile_version": "1",
  "packages": {
    "awscli2@2.17.64": {
      "last_modified": "2024-10-24T16:50:28Z",
      "resolved": "github:NixOS/nixpkgs/63487b2f26fa065cfeeaa47dddb08e2856ba53e8#awscli2",
      "source": "devbox-search",
      "version": "2.17.64",
      "systems": {
        "aarch64-darwin": {
          "outputs": [
            {
              "name": "out",
              "path": "/nix/store/mn0yqd21hqyyv7dckcan0jpq9lrm9j6k-awscli2-2.17.64",
              "default": true
            },
            {
              "name": "dist",
              "path": "/nix/store/mswf5gg8mxrrqm8qdwhw93v2i013pv7v-awscli2-2.17.64-dist"
            }
          ],
          "store_path": "/nix/store/mn0yqd21hqyyv7dckcan0jpq9lrm9j6k-awscli2-2.17.64"
        },
        "aarch64-linux": {
          "outputs": [
            {
              "name": "out",
              "path": "/nix/store/qh3nw81a6gqhznk7pfj1mc85sxyjp73b-awscli2-2.17.64",
              "default": true
            },
            {
              "name": "dist",
              "path": "/nix/store/a0amwb065q5d6yz3ivl5d5b4g0gipvhk-awscli2-2.17.64-dist"
            }
          ],
          "store_path": "/nix/store/qh3nw81a6gqhznk7pfj1mc85sxyjp73b-awscli2-2.17.64"
        },
        "x86_64-darwin": {
          "outputs": [
            {
              "name": "out",
              "path": "/nix/store/36bgc0f1hnjljmizzw7s00azrz55k7kf-awscli2-2.17.64",
              "default": true
            },
            {
              "name": "dist",
              "path": "/nix/store/0jrbanbws3h2f6mxszvnmg2jvgwkf68j-awscli2-2.17.64-dist"
            }
          ],
          "store_path": "/nix/store/36bgc0f1hnjljmizzw7s00azrz55k7kf-awscli2-2.17.64"
        },
        "x86_64-linux": {
          "outputs": [
            {
              "name": "out",
              "path": "/nix/store/3lzmpwhgnci0d8yvfwbp8gzrrcz2km5s-awscli2-2.17.64",
              "default": true
            },
            {
              "name": "dist",
              "path": "/nix/store/apkzxak8p17ac17a77mj8wcfvraxj22b-awscli2-2.17.64-dist"
            }
          ],
          "store_path": "/nix/store/3lzmpwhgnci0d8yvfwbp8gzrrcz2km5s-awscli2-2.17.64"
        }
      }
    },
    "nodejs@22.10.0": {
      "last_modified": "2024-10-29T02:50:45Z",
      "plugin_version": "0.0.2",
      "resolved": "github:NixOS/nixpkgs/30c9efeef01e2ad4880bff6a01a61dd99536b3c9#nodejs_22",
      "source": "devbox-search",
      "version": "22.10.0",
      "systems": {
        "aarch64-darwin": {
          "outputs": [
            {
              "name": "out",
              "path": "/nix/store/m1dlz5sk0l77a2c4mwcppldxxmsmifs2-nodejs-22.10.0",
              "default": true
            },
            {
              "name": "libv8",
              "path": "/nix/store/9zyi8gcg1flm378pxpfi9d7wdvhnckrh-nodejs-22.10.0-libv8"
            }
          ],
          "store_path": "/nix/store/m1dlz5sk0l77a2c4mwcppldxxmsmifs2-nodejs-22.10.0"
        },
        "aarch64-linux": {
          "outputs": [
            {
              "name": "out",
              "path": "/nix/store/pd3pz3aqw783fmh6c0c8plcy95bdk45n-nodejs-22.10.0",
              "default": true
            },
            {
              "name": "libv8",
              "path": "/nix/store/44cfz2aglmzpy4b39idnkm9sqbyk6nc0-nodejs-22.10.0-libv8"
            }
          ],
          "store_path": "/nix/store/pd3pz3aqw783fmh6c0c8plcy95bdk45n-nodejs-22.10.0"
        },
        "x86_64-darwin": {
          "outputs": [
            {
              "name": "out",
              "path": "/nix/store/3c9ggwrv1ssbrpki607908mvlvarhrbq-nodejs-22.10.0",
              "default": true
            },
            {
              "name": "libv8",
              "path": "/nix/store/gfr37bc0y98sl5q4lxclsv83gpr8i6va-nodejs-22.10.0-libv8"
            }
          ],
          "store_path": "/nix/store/3c9ggwrv1ssbrpki607908mvlvarhrbq-nodejs-22.10.0"
        },
        "x86_64-linux": {
          "outputs": [
            {
              "name": "out",
              "path": "/nix/store/shb3803xjmjiyd2pd4lnc98w8ci2b5g6-nodejs-22.10.0",
              "default": true
            },
            {
              "name": "libv8",
              "path": "/nix/store/yc69lrgmikpsz8ynr0l16fgs1pnw0kxa-nodejs-22.10.0-libv8"
            }
          ],
          "store_path": "/nix/store/shb3803xjmjiyd2pd4lnc98w8ci2b5g6-nodejs-22.10.0"
        }
      }
    },
    "yarn@1.22.22": {
      "last_modified": "2024-10-13T23:44:06Z",
      "resolved": "github:NixOS/nixpkgs/d4f247e89f6e10120f911e2e2d2254a050d0f732#yarn",
      "source": "devbox-search",
      "version": "1.22.22",
      "systems": {
        "aarch64-darwin": {
          "outputs": [
            {
              "name": "out",
              "path": "/nix/store/fdnpfwdyq724n9v4mlhgm8ia994l9f5k-yarn-1.22.22",
              "default": true
            }
          ],
          "store_path": "/nix/store/fdnpfwdyq724n9v4mlhgm8ia994l9f5k-yarn-1.22.22"
        },
        "aarch64-linux": {
          "outputs": [
            {
              "name": "out",
              "path": "/nix/store/w06n1n78gc3f4lbggbjw4prcjll1fzv1-yarn-1.22.22",
              "default": true
            }
          ],
          "store_path": "/nix/store/w06n1n78gc3f4lbggbjw4prcjll1fzv1-yarn-1.22.22"
        },
        "x86_64-darwin": {
          "outputs": [
            {
              "name": "out",
              "path": "/nix/store/c58lp5ds6xfp1hs9a8jlc5i3mn9d8li3-yarn-1.22.22",
              "default": true
            }
          ],
          "store_path": "/nix/store/c58lp5ds6xfp1hs9a8jlc5i3mn9d8li3-yarn-1.22.22"
        },
        "x86_64-linux": {
          "outputs": [
            {
              "name": "out",
              "path": "/nix/store/isjkrnrajpdlr9lc9q5pqzs7rkxa6h07-yarn-1.22.22",
              "default": true
            }
          ],
          "store_path": "/nix/store/isjkrnrajpdlr9lc9q5pqzs7rkxa6h07-yarn-1.22.22"
        }
      }
    }
  }
}
